
Microsoft Visual Studio Solution File, Format Version 12.00
# Visual Studio Version 17
VisualStudioVersion = 17.0.31912.275
MinimumVisualStudioVersion = 10.0.40219.1
Project("{FAE04EC0-301F-11D3-BF4B-00C04F79EFBC}") = "ServerContactsApp", "ContactsApp\ServerContactsApp.csproj", "{0635F6AD-729B-4400-9738-DB835853AF42}"
EndProject
Project("{FAE04EC0-301F-11D3-BF4B-00C04F79EFBC}") = "ClientContactsApp", "ClientContactsApp\ClientContactsApp.csproj", "{F8FF5E4E-F0B5-4C0D-BE60-11D211350183}"
EndProject
Global
	GlobalSection(SolutionConfigurationPlatforms) = preSolution
		Debug|Any CPU = Debug|Any CPU
		Release|Any CPU = Release|Any CPU
	EndGlobalSection
	GlobalSection(ProjectConfigurationPlatforms) = postSolution
		{0635F6AD-729B-4400-9738-DB835853AF42}.Debug|Any CPU.ActiveCfg = Debug|Any CPU
		{0635F6AD-729B-4400-9738-DB835853AF42}.Debug|Any CPU.Build.0 = Debug|Any CPU
		{0635F6AD-729B-4400-9738-DB835853AF42}.Release|Any CPU.ActiveCfg = Release|Any CPU
		{0635F6AD-729B-4400-9738-DB835853AF42}.Release|Any CPU.Build.0 = Release|Any CPU
		{F8FF5E4E-F0B5-4C0D-BE60-11D211350183}.Debug|Any CPU.ActiveCfg = Debug|Any CPU
		{F8FF5E4E-F0B5-4C0D-BE60-11D211350183}.Debug|Any CPU.Build.0 = Debug|Any CPU
		{F8FF5E4E-F0B5-4C0D-BE60-11D211350183}.Release|Any CPU.ActiveCfg = Release|Any CPU
		{F8FF5E4E-F0B5-4C0D-BE60-11D211350183}.Release|Any CPU.Build.0 = Release|Any CPU
	EndGlobalSection
	GlobalSection(SolutionProperties) = preSolution
		HideSolutionNode = FALSE
	EndGlobalSection
	GlobalSection(ExtensibilityGlobals) = postSolution
		SolutionGuid = {91CBC704-B384-4AE8-A45D-9D05D9A6B09E}
	EndGlobalSection
EndGlobal
